<Solution>
  <Configurations>
    <Platform Name="Any CPU" />
    <Platform Name="x64" />
    <Platform Name="x86" />
  </Configurations>
  <Folder Name="/Solution Items/">
    <File Path="Directory.Build.props" />
  </Folder>
  <Project Path="Newtonsoft.Json.FuzzTests/Autodesk.DataExchange.Newtonsoft.Json.FuzzTests.csproj" />
  <Project Path="Newtonsoft.Json.TestConsole/Autodesk.DataExchange.Newtonsoft.Json.TestConsole.csproj" />
  <Project Path="Newtonsoft.Json.Tests/Autodesk.DataExchange.Newtonsoft.Json.Tests.csproj" />
  <Project Path="Newtonsoft.Json/Autodesk.DataExchange.Newtonsoft.Json.csproj" />
</Solution>
